
Microsoft Visual Studio Solution File, Format Version 12.00
# Visual Studio Version 16
VisualStudioVersion = 16.0.30413.136
MinimumVisualStudioVersion = 10.0.40219.1
Project("{8BC9CEB8-8B4A-11D0-8D11-00A0C91BC942}") = "Binary_to_Decimal", "Binary_to_Decimal\Binary_to_Decimal.vcxproj", "{C29DF211-E424-4C26-B0BD-EA931587A940}"
EndProject
Global
	GlobalSection(SolutionConfigurationPlatforms) = preSolution
		Debug|x64 = Debug|x64
		Debug|x86 = Debug|x86
		Release|x64 = Release|x64
		Release|x86 = Release|x86
	EndGlobalSection
	GlobalSection(ProjectConfigurationPlatforms) = postSolution
		{C29DF211-E424-4C26-B0BD-EA931587A940}.Debug|x64.ActiveCfg = Debug|x64
		{C29DF211-E424-4C26-B0BD-EA931587A940}.Debug|x64.Build.0 = Debug|x64
		{C29DF211-E424-4C26-B0BD-EA931587A940}.Debug|x86.ActiveCfg = Debug|Win32
		{C29DF211-E424-4C26-B0BD-EA931587A940}.Debug|x86.Build.0 = Debug|Win32
		{C29DF211-E424-4C26-B0BD-EA931587A940}.Release|x64.ActiveCfg = Release|x64
		{C29DF211-E424-4C26-B0BD-EA931587A940}.Release|x64.Build.0 = Release|x64
		{C29DF211-E424-4C26-B0BD-EA931587A940}.Release|x86.ActiveCfg = Release|Win32
		{C29DF211-E424-4C26-B0BD-EA931587A940}.Release|x86.Build.0 = Release|Win32
	EndGlobalSection
	GlobalSection(SolutionProperties) = preSolution
		HideSolutionNode = FALSE
	EndGlobalSection
	GlobalSection(ExtensibilityGlobals) = postSolution
		SolutionGuid = {6C80F4CD-AFD1-42AE-A222-F5B17F8D894A}
	EndGlobalSection
EndGlobal
